
Microsoft Visual Studio Solution File, Format Version 12.00
# Visual Studio Version 17
VisualStudioVersion = 17.10.35122.118
MinimumVisualStudioVersion = 10.0.40219.1
Project("{FAE04EC0-301F-11D3-BF4B-00C04F79EFBC}") = "TimeTracker.API", "TimeTracker.API\TimeTracker.API.csproj", "{75A566D6-9179-4396-BCDC-B7373DFE40B3}"
EndProject
Project("{FAE04EC0-301F-11D3-BF4B-00C04F79EFBC}") = "TimeTracker.Shared", "TimeTracker.Shared\TimeTracker.Shared.csproj", "{D3B771E4-2CAD-4D75-BAE7-72606F488FE5}"
EndProject
Global
	GlobalSection(SolutionConfigurationPlatforms) = preSolution
		Debug|Any CPU = Debug|Any CPU
		Release|Any CPU = Release|Any CPU
	EndGlobalSection
	GlobalSection(ProjectConfigurationPlatforms) = postSolution
		{75A566D6-9179-4396-BCDC-B7373DFE40B3}.Debug|Any CPU.ActiveCfg = Debug|Any CPU
		{75A566D6-9179-4396-BCDC-B7373DFE40B3}.Debug|Any CPU.Build.0 = Debug|Any CPU
		{75A566D6-9179-4396-BCDC-B7373DFE40B3}.Release|Any CPU.ActiveCfg = Release|Any CPU
		{75A566D6-9179-4396-BCDC-B7373DFE40B3}.Release|Any CPU.Build.0 = Release|Any CPU
		{D3B771E4-2CAD-4D75-BAE7-72606F488FE5}.Debug|Any CPU.ActiveCfg = Debug|Any CPU
		{D3B771E4-2CAD-4D75-BAE7-72606F488FE5}.Debug|Any CPU.Build.0 = Debug|Any CPU
		{D3B771E4-2CAD-4D75-BAE7-72606F488FE5}.Release|Any CPU.ActiveCfg = Release|Any CPU
		{D3B771E4-2CAD-4D75-BAE7-72606F488FE5}.Release|Any CPU.Build.0 = Release|Any CPU
	EndGlobalSection
	GlobalSection(SolutionProperties) = preSolution
		HideSolutionNode = FALSE
	EndGlobalSection
	GlobalSection(ExtensibilityGlobals) = postSolution
		SolutionGuid = {38A3DFD1-6392-4287-9FC8-E917067A0044}
	EndGlobalSection
EndGlobal
